<?xml version="1.0" encoding="utf-8"?>
<Project ToolsVersion="4.0" xmlns="http://schemas.microsoft.com/developer/msbuild/2003">
  <ItemGroup>
    <Filter Include="Source Files">
      <UniqueIdentifier>{4FC737F1-C7A5-4376-A066-2A32D752A2FF}</UniqueIdentifier>
      <Extensions>cpp;c;cc;cxx;def;odl;idl;hpj;bat;asm;asmx</Extensions>
    </Filter>
    <Filter Include="Header Files">
      <UniqueIdentifier>{93995380-89BD-4b04-88EB-625FBE52EBFB}</UniqueIdentifier>
      <Extensions>h;hpp;hxx;hm;inl;inc;xsd</Extensions>
    </Filter>
    <Filter Include="Resource Files">
      <UniqueIdentifier>{67DA6AB6-F800-4c08-8B7A-83BB121AAD01}</UniqueIdentifier>
      <Extensions>rc;ico;cur;bmp;dlg;rc2;rct;bin;rgs;gif;jpg;jpeg;jpe;resx;tiff;tif;png;wav;mfcribbon-ms</Extensions>
    </Filter>
  </ItemGroup>
  <ItemGroup>
    <None Include="ReadMe.txt" />
    <None Include="res\IVS_Demo.rc2">
      <Filter>Resource Files</Filter>
    </None>
    <None Include="res\IVS_Demo.ico">
      <Filter>Resource Files</Filter>
    </None>
    <None Include="res\unfold.bmp">
      <Filter>Resource Files</Filter>
    </None>
    <None Include="res\fold.bmp">
      <Filter>Resource Files</Filter>
    </None>
    <None Include="res\BallMachineOff.bmp">
      <Filter>Resource Files</Filter>
    </None>
    <None Include="res\BallMachineOn.bmp">
      <Filter>Resource Files</Filter>
    </None>
    <None Include="res\FixedBoltOff.bmp">
      <Filter>Resource Files</Filter>
    </None>
    <None Include="res\FixedBoltOn.bmp">
      <Filter>Resource Files</Filter>
    </None>
    <None Include="res\eSpace_IVS.ico">
      <Filter>Resource Files</Filter>
    </None>
    <None Include="res\Logo.bmp">
      <Filter>Resource Files</Filter>
    </None>
    <None Include="res\Up.bmp">
      <Filter>Resource Files</Filter>
    </None>
    <None Include="res\Down.bmp">
      <Filter>Resource Files</Filter>
    </None>
    <None Include="res\Right.bmp">
      <Filter>Resource Files</Filter>
    </None>
    <None Include="res\Left.bmp">
      <Filter>Resource Files</Filter>
    </None>
    <None Include="res\UpLeft.bmp">
      <Filter>Resource Files</Filter>
    </None>
    <None Include="res\UpRight.bmp">
      <Filter>Resource Files</Filter>
    </None>
    <None Include="res\DownLeft.bmp">
      <Filter>Resource Files</Filter>
    </None>
    <None Include="res\DownRight.bmp">
      <Filter>Resource Files</Filter>
    </None>
    <None Include="res\Stop.bmp">
      <Filter>Resource Files</Filter>
    </None>
  </ItemGroup>
  <ItemGroup>
    <ClInclude Include="IVS_Demo.h">
      <Filter>Header Files</Filter>
    </ClInclude>
    <ClInclude Include="IVS_DemoDlg.h">
      <Filter>Header Files</Filter>
    </ClInclude>
    <ClInclude Include="stdafx.h">
      <Filter>Header Files</Filter>
    </ClInclude>
    <ClInclude Include="targetver.h">
      <Filter>Header Files</Filter>
    </ClInclude>
    <ClInclude Include="Resource.h">
      <Filter>Header Files</Filter>
    </ClInclude>
    <ClInclude Include="IVSSDKSheet.h">
      <Filter>Header Files</Filter>
    </ClInclude>
    <ClInclude Include="IVSRealPlayPage.h">
      <Filter>Header Files</Filter>
    </ClInclude>
    <ClInclude Include="IVSPlayBackPage.h">
      <Filter>Header Files</Filter>
    </ClInclude>
    <ClInclude Include="IVSUsrMgrPage.h">
      <Filter>Header Files</Filter>
    </ClInclude>
    <ClInclude Include="..\inc\hwsdk.h">
      <Filter>Header Files</Filter>
    </ClInclude>
    <ClInclude Include="..\inc\ivs_error.h">
      <Filter>Header Files</Filter>
    </ClInclude>
    <ClInclude Include="..\inc\IVS_SDK.h">
      <Filter>Header Files</Filter>
    </ClInclude>
    <ClInclude Include="IVSDownLoadPage.h">
      <Filter>Header Files</Filter>
    </ClInclude>
    <ClInclude Include="DemoDefine.h">
      <Filter>Header Files</Filter>
    </ClInclude>
    <ClInclude Include="IVSAlarmPage.h">
      <Filter>Header Files</Filter>
    </ClInclude>
    <ClInclude Include="IVSTalkBackPage.h">
      <Filter>Header Files</Filter>
    </ClInclude>
    <ClInclude Include="S200Interface.h">
      <Filter>Header Files</Filter>
    </ClInclude>
    <ClInclude Include="DspLib.h">
      <Filter>Header Files</Filter>
    </ClInclude>
    <ClInclude Include="ips.h">
      <Filter>Header Files</Filter>
    </ClInclude>
    <ClInclude Include="log.h">
      <Filter>Header Files</Filter>
    </ClInclude>
  </ItemGroup>
  <ItemGroup>
    <ClCompile Include="IVS_Demo.cpp">
      <Filter>Source Files</Filter>
    </ClCompile>
    <ClCompile Include="IVS_DemoDlg.cpp">
      <Filter>Source Files</Filter>
    </ClCompile>
    <ClCompile Include="stdafx.cpp">
      <Filter>Source Files</Filter>
    </ClCompile>
    <ClCompile Include="IVSSDKSheet.cpp">
      <Filter>Source Files</Filter>
    </ClCompile>
    <ClCompile Include="IVSRealPlayPage.cpp">
      <Filter>Source Files</Filter>
    </ClCompile>
    <ClCompile Include="IVSPlayBackPage.cpp">
      <Filter>Source Files</Filter>
    </ClCompile>
    <ClCompile Include="IVSUsrMgrPage.cpp">
      <Filter>Source Files</Filter>
    </ClCompile>
    <ClCompile Include="IVSDownLoadPage.cpp">
      <Filter>Source Files</Filter>
    </ClCompile>
    <ClCompile Include="..\Common\eSDKUtil.cpp">
      <Filter>Source Files</Filter>
    </ClCompile>
    <ClCompile Include="..\Common\IniFile.cpp">
      <Filter>Source Files</Filter>
    </ClCompile>
    <ClCompile Include="..\Common\Language.cpp">
      <Filter>Source Files</Filter>
    </ClCompile>
    <ClCompile Include="IVSAlarmPage.cpp">
      <Filter>Source Files</Filter>
    </ClCompile>
    <ClCompile Include="IVSTalkBackPage.cpp">
      <Filter>Source Files</Filter>
    </ClCompile>
    <ClCompile Include="S200Interface.cpp">
      <Filter>Source Files</Filter>
    </ClCompile>
    <ClCompile Include="log.cpp">
      <Filter>Source Files</Filter>
    </ClCompile>
  </ItemGroup>
  <ItemGroup>
    <ResourceCompile Include="IVS_Demo.rc">
      <Filter>Resource Files</Filter>
    </ResourceCompile>
  </ItemGroup>
</Project>